
Microsoft Visual Studio Solution File, Format Version 12.00
# Visual Studio Version 17
VisualStudioVersion = 17.2.32602.215
MinimumVisualStudioVersion = 10.0.40219.1
Project("{FAE04EC0-301F-11D3-BF4B-00C04F79EFBC}") = "Method_Loops_Conditionals", "Method_Loops_Conditionals\Method_Loops_Conditionals.csproj", "{43E74EFE-5BD1-4CA7-8708-7BD2EC66B3D9}"
EndProject
Project("{2150E333-8FDC-42A3-9474-1A3956D46DE8}") = "Solution Items", "Solution Items", "{355150D9-738B-4684-9542-5D215FED2734}"
EndProject
Global
	GlobalSection(SolutionConfigurationPlatforms) = preSolution
		Debug|Any CPU = Debug|Any CPU
		Release|Any CPU = Release|Any CPU
	EndGlobalSection
	GlobalSection(ProjectConfigurationPlatforms) = postSolution
		{43E74EFE-5BD1-4CA7-8708-7BD2EC66B3D9}.Debug|Any CPU.ActiveCfg = Debug|Any CPU
		{43E74EFE-5BD1-4CA7-8708-7BD2EC66B3D9}.Debug|Any CPU.Build.0 = Debug|Any CPU
		{43E74EFE-5BD1-4CA7-8708-7BD2EC66B3D9}.Release|Any CPU.ActiveCfg = Release|Any CPU
		{43E74EFE-5BD1-4CA7-8708-7BD2EC66B3D9}.Release|Any CPU.Build.0 = Release|Any CPU
	EndGlobalSection
	GlobalSection(SolutionProperties) = preSolution
		HideSolutionNode = FALSE
	EndGlobalSection
	GlobalSection(ExtensibilityGlobals) = postSolution
		SolutionGuid = {B8CE4417-84E8-4917-9829-D4975B16096B}
	EndGlobalSection
EndGlobal
